
Microsoft Visual Studio Solution File, Format Version 12.00
# Visual Studio Version 17
VisualStudioVersion = 17.11.35222.181
MinimumVisualStudioVersion = 10.0.40219.1
Project("{FAE04EC0-301F-11D3-BF4B-00C04F79EFBC}") = "Lr8.Net", "Lr8.Net.csproj", "{2E4B3B85-96A2-406C-8E43-E08441474EA4}"
EndProject
Global
	GlobalSection(SolutionConfigurationPlatforms) = preSolution
		Debug|Any CPU = Debug|Any CPU
		Release|Any CPU = Release|Any CPU
	EndGlobalSection
	GlobalSection(ProjectConfigurationPlatforms) = postSolution
		{2E4B3B85-96A2-406C-8E43-E08441474EA4}.Debug|Any CPU.ActiveCfg = Debug|Any CPU
		{2E4B3B85-96A2-406C-8E43-E08441474EA4}.Debug|Any CPU.Build.0 = Debug|Any CPU
		{2E4B3B85-96A2-406C-8E43-E08441474EA4}.Release|Any CPU.ActiveCfg = Release|Any CPU
		{2E4B3B85-96A2-406C-8E43-E08441474EA4}.Release|Any CPU.Build.0 = Release|Any CPU
	EndGlobalSection
	GlobalSection(SolutionProperties) = preSolution
		HideSolutionNode = FALSE
	EndGlobalSection
	GlobalSection(ExtensibilityGlobals) = postSolution
		SolutionGuid = {33BA0297-A920-40F4-80BD-7FE5900BC30A}
	EndGlobalSection
EndGlobal
